
Microsoft Visual Studio Solution File, Format Version 12.00
# Visual Studio Version 17
VisualStudioVersion = 17.9.34728.123
MinimumVisualStudioVersion = 10.0.40219.1
Project("{2150E333-8FDC-42A3-9474-1A3956D46DE8}") = "Solution Items", "Solution Items", "{921ECD09-64BF-4A09-B45E-303C199761C4}"
	ProjectSection(SolutionItems) = preProject
		.editorconfig = .editorconfig
	EndProjectSection
EndProject
Project("{FAE04EC0-301F-11D3-BF4B-00C04F79EFBC}") = "Fancyx.Core", "libs\Fancyx.Core\Fancyx.Core.csproj", "{59BFD2F8-06D0-4A28-83A1-8A8CA6842B37}"
EndProject
Project("{FAE04EC0-301F-11D3-BF4B-00C04F79EFBC}") = "Fancyx.Shared", "src\Fancyx.Shared\Fancyx.Shared.csproj", "{E3E6B4B3-2985-4506-8681-806264287BF0}"
EndProject
Project("{FAE04EC0-301F-11D3-BF4B-00C04F79EFBC}") = "Fancyx.Admin", "src\Fancyx.Admin\Fancyx.Admin.csproj", "{C0FB332D-78AF-4230-9750-2914BE0406D1}"
EndProject
Project("{FAE04EC0-301F-11D3-BF4B-00C04F79EFBC}") = "Fancyx.Admin.EfCore", "src\Fancyx.Admin.EfCore\Fancyx.Admin.EfCore.csproj", "{979A8DFF-BAE5-49D7-A6F4-335974873E31}"
EndProject
Project("{FAE04EC0-301F-11D3-BF4B-00C04F79EFBC}") = "Fancyx.Redis", "libs\Fancyx.Redis\Fancyx.Redis.csproj", "{5364A22C-7C01-4499-903D-1A985B11B30C}"
EndProject
Project("{FAE04EC0-301F-11D3-BF4B-00C04F79EFBC}") = "Fancyx.EventBus", "libs\Fancyx.EventBus\Fancyx.EventBus.csproj", "{F6BFCC9E-2239-46CE-AAF5-F7D08B4F4C1D}"
EndProject
Project("{FAE04EC0-301F-11D3-BF4B-00C04F79EFBC}") = "Fancyx.Shared.Logger", "src\Fancyx.Shared.Logger\Fancyx.Shared.Logger.csproj", "{AA0A1CD5-4F70-4323-91A3-CF9FAE5DA6E9}"
EndProject
Project("{FAE04EC0-301F-11D3-BF4B-00C04F79EFBC}") = "Fancyx.Storage", "libs\Fancyx.Storage\Fancyx.Storage.csproj", "{5A5DDF67-7FDD-4801-BF74-432B8DDF33F3}"
EndProject
Project("{2150E333-8FDC-42A3-9474-1A3956D46DE8}") = "libs", "libs", "{02EA681E-C7D8-13C7-8484-4AC65E1B71E8}"
EndProject
Project("{FAE04EC0-301F-11D3-BF4B-00C04F79EFBC}") = "Fancyx.Utils", "libs\Fancyx.Utils\Fancyx.Utils.csproj", "{C9C07FBB-9F73-4C0E-9356-D1A4BE181072}"
EndProject
Project("{2150E333-8FDC-42A3-9474-1A3956D46DE8}") = "src", "src", "{D76D51F8-F767-41EC-A213-4C898DA4B3C4}"
EndProject
Project("{FAE04EC0-301F-11D3-BF4B-00C04F79EFBC}") = "Fancyx.EfCore", "libs\Fancyx.EfCore\Fancyx.EfCore.csproj", "{820F7B17-E555-4FB4-B76A-A347A73BFC47}"
EndProject
Project("{2150E333-8FDC-42A3-9474-1A3956D46DE8}") = "admin", "admin", "{53850CC8-2EA9-42DE-8997-B3E31D4A843A}"
EndProject
Project("{FAE04EC0-301F-11D3-BF4B-00C04F79EFBC}") = "Fancyx.Serilog", "libs\Fancyx.Serilog\Fancyx.Serilog.csproj", "{C4FE0CC0-8F65-4DE4-8C8C-29FEE9C36B45}"
EndProject
Project("{2150E333-8FDC-42A3-9474-1A3956D46DE8}") = "shared", "shared", "{3D12FE73-7536-4EC0-BFE7-2DE359C2E96D}"
EndProject
Project("{FAE04EC0-301F-11D3-BF4B-00C04F79EFBC}") = "Fancyx.Shared.WebApi", "src\Fancyx.Shared.WebApi\Fancyx.Shared.WebApi.csproj", "{86839C69-3DAD-4FB6-8951-C069C64655D9}"
EndProject
Project("{2150E333-8FDC-42A3-9474-1A3956D46DE8}") = "erp", "erp", "{7D2BD61A-F49D-47FF-87B2-E63CCAD9C875}"
EndProject
Project("{FAE04EC0-301F-11D3-BF4B-00C04F79EFBC}") = "Fancyx.Erp", "src\Fancyx.Erp\Fancyx.Erp.csproj", "{9C0F2E51-0C2C-410D-B9BD-ED781E75853A}"
EndProject
Project("{FAE04EC0-301F-11D3-BF4B-00C04F79EFBC}") = "Fancyx.Erp.EfCore", "src\Fancyx.Erp.EfCore\Fancyx.Erp.EfCore.csproj", "{C42CFF0B-47CE-4AAA-B3A0-3833E9E3F725}"
EndProject
Project("{FAE04EC0-301F-11D3-BF4B-00C04F79EFBC}") = "Fancyx.Shared.EfCore", "src\Fancyx.Shared.EfCore\Fancyx.Shared.EfCore.csproj", "{763E2101-6E62-4F4B-8932-94652FAB56D4}"
EndProject
Project("{2150E333-8FDC-42A3-9474-1A3956D46DE8}") = "gateway", "gateway", "{B4C98DE3-50E7-4DE7-9DF6-2CCB1A4F4564}"
EndProject
Project("{FAE04EC0-301F-11D3-BF4B-00C04F79EFBC}") = "Fancyx.Gateway.Ocelot", "src\Fancyx.Gateway.Ocelot\Fancyx.Gateway.Ocelot.csproj", "{5EEFE8B5-25E0-4B68-B121-E58729328333}"
EndProject
Project("{FAE04EC0-301F-11D3-BF4B-00C04F79EFBC}") = "Fancyx.Consul", "libs\Fancyx.Consul\Fancyx.Consul.csproj", "{A12260DB-5695-46C9-7180-C7097B313A52}"
EndProject
Project("{FAE04EC0-301F-11D3-BF4B-00C04F79EFBC}") = "Fancyx.Shared.Proto", "src\Fancyx.Shared.Proto\Fancyx.Shared.Proto.csproj", "{D1C9F7F7-0D2E-41A8-9275-0D514202B8C9}"
EndProject
Global
	GlobalSection(SolutionConfigurationPlatforms) = preSolution
		Debug|Any CPU = Debug|Any CPU
		Release|Any CPU = Release|Any CPU
	EndGlobalSection
	GlobalSection(ProjectConfigurationPlatforms) = postSolution
		{59BFD2F8-06D0-4A28-83A1-8A8CA6842B37}.Debug|Any CPU.ActiveCfg = Debug|Any CPU
		{59BFD2F8-06D0-4A28-83A1-8A8CA6842B37}.Debug|Any CPU.Build.0 = Debug|Any CPU
		{59BFD2F8-06D0-4A28-83A1-8A8CA6842B37}.Release|Any CPU.ActiveCfg = Release|Any CPU
		{59BFD2F8-06D0-4A28-83A1-8A8CA6842B37}.Release|Any CPU.Build.0 = Release|Any CPU
		{E3E6B4B3-2985-4506-8681-806264287BF0}.Debug|Any CPU.ActiveCfg = Debug|Any CPU
		{E3E6B4B3-2985-4506-8681-806264287BF0}.Debug|Any CPU.Build.0 = Debug|Any CPU
		{E3E6B4B3-2985-4506-8681-806264287BF0}.Release|Any CPU.ActiveCfg = Release|Any CPU
		{E3E6B4B3-2985-4506-8681-806264287BF0}.Release|Any CPU.Build.0 = Release|Any CPU
		{C0FB332D-78AF-4230-9750-2914BE0406D1}.Debug|Any CPU.ActiveCfg = Debug|Any CPU
		{C0FB332D-78AF-4230-9750-2914BE0406D1}.Debug|Any CPU.Build.0 = Debug|Any CPU
		{C0FB332D-78AF-4230-9750-2914BE0406D1}.Release|Any CPU.ActiveCfg = Release|Any CPU
		{C0FB332D-78AF-4230-9750-2914BE0406D1}.Release|Any CPU.Build.0 = Release|Any CPU
		{979A8DFF-BAE5-49D7-A6F4-335974873E31}.Debug|Any CPU.ActiveCfg = Debug|Any CPU
		{979A8DFF-BAE5-49D7-A6F4-335974873E31}.Debug|Any CPU.Build.0 = Debug|Any CPU
		{979A8DFF-BAE5-49D7-A6F4-335974873E31}.Release|Any CPU.ActiveCfg = Release|Any CPU
		{979A8DFF-BAE5-49D7-A6F4-335974873E31}.Release|Any CPU.Build.0 = Release|Any CPU
		{5364A22C-7C01-4499-903D-1A985B11B30C}.Debug|Any CPU.ActiveCfg = Debug|Any CPU
		{5364A22C-7C01-4499-903D-1A985B11B30C}.Debug|Any CPU.Build.0 = Debug|Any CPU
		{5364A22C-7C01-4499-903D-1A985B11B30C}.Release|Any CPU.ActiveCfg = Release|Any CPU
		{5364A22C-7C01-4499-903D-1A985B11B30C}.Release|Any CPU.Build.0 = Release|Any CPU
		{F6BFCC9E-2239-46CE-AAF5-F7D08B4F4C1D}.Debug|Any CPU.ActiveCfg = Debug|Any CPU
		{F6BFCC9E-2239-46CE-AAF5-F7D08B4F4C1D}.Debug|Any CPU.Build.0 = Debug|Any CPU
		{F6BFCC9E-2239-46CE-AAF5-F7D08B4F4C1D}.Release|Any CPU.ActiveCfg = Release|Any CPU
		{F6BFCC9E-2239-46CE-AAF5-F7D08B4F4C1D}.Release|Any CPU.Build.0 = Release|Any CPU
		{AA0A1CD5-4F70-4323-91A3-CF9FAE5DA6E9}.Debug|Any CPU.ActiveCfg = Debug|Any CPU
		{AA0A1CD5-4F70-4323-91A3-CF9FAE5DA6E9}.Debug|Any CPU.Build.0 = Debug|Any CPU
		{AA0A1CD5-4F70-4323-91A3-CF9FAE5DA6E9}.Release|Any CPU.ActiveCfg = Release|Any CPU
		{AA0A1CD5-4F70-4323-91A3-CF9FAE5DA6E9}.Release|Any CPU.Build.0 = Release|Any CPU
		{5A5DDF67-7FDD-4801-BF74-432B8DDF33F3}.Debug|Any CPU.ActiveCfg = Debug|Any CPU
		{5A5DDF67-7FDD-4801-BF74-432B8DDF33F3}.Debug|Any CPU.Build.0 = Debug|Any CPU
		{5A5DDF67-7FDD-4801-BF74-432B8DDF33F3}.Release|Any CPU.ActiveCfg = Release|Any CPU
		{5A5DDF67-7FDD-4801-BF74-432B8DDF33F3}.Release|Any CPU.Build.0 = Release|Any CPU
		{C9C07FBB-9F73-4C0E-9356-D1A4BE181072}.Debug|Any CPU.ActiveCfg = Debug|Any CPU
		{C9C07FBB-9F73-4C0E-9356-D1A4BE181072}.Debug|Any CPU.Build.0 = Debug|Any CPU
		{C9C07FBB-9F73-4C0E-9356-D1A4BE181072}.Release|Any CPU.ActiveCfg = Release|Any CPU
		{C9C07FBB-9F73-4C0E-9356-D1A4BE181072}.Release|Any CPU.Build.0 = Release|Any CPU
		{820F7B17-E555-4FB4-B76A-A347A73BFC47}.Debug|Any CPU.ActiveCfg = Debug|Any CPU
		{820F7B17-E555-4FB4-B76A-A347A73BFC47}.Debug|Any CPU.Build.0 = Debug|Any CPU
		{820F7B17-E555-4FB4-B76A-A347A73BFC47}.Release|Any CPU.ActiveCfg = Release|Any CPU
		{820F7B17-E555-4FB4-B76A-A347A73BFC47}.Release|Any CPU.Build.0 = Release|Any CPU
		{C4FE0CC0-8F65-4DE4-8C8C-29FEE9C36B45}.Debug|Any CPU.ActiveCfg = Debug|Any CPU
		{C4FE0CC0-8F65-4DE4-8C8C-29FEE9C36B45}.Debug|Any CPU.Build.0 = Debug|Any CPU
		{C4FE0CC0-8F65-4DE4-8C8C-29FEE9C36B45}.Release|Any CPU.ActiveCfg = Release|Any CPU
		{C4FE0CC0-8F65-4DE4-8C8C-29FEE9C36B45}.Release|Any CPU.Build.0 = Release|Any CPU
		{86839C69-3DAD-4FB6-8951-C069C64655D9}.Debug|Any CPU.ActiveCfg = Debug|Any CPU
		{86839C69-3DAD-4FB6-8951-C069C64655D9}.Debug|Any CPU.Build.0 = Debug|Any CPU
		{86839C69-3DAD-4FB6-8951-C069C64655D9}.Release|Any CPU.ActiveCfg = Release|Any CPU
		{86839C69-3DAD-4FB6-8951-C069C64655D9}.Release|Any CPU.Build.0 = Release|Any CPU
		{9C0F2E51-0C2C-410D-B9BD-ED781E75853A}.Debug|Any CPU.ActiveCfg = Debug|Any CPU
		{9C0F2E51-0C2C-410D-B9BD-ED781E75853A}.Debug|Any CPU.Build.0 = Debug|Any CPU
		{9C0F2E51-0C2C-410D-B9BD-ED781E75853A}.Release|Any CPU.ActiveCfg = Release|Any CPU
		{9C0F2E51-0C2C-410D-B9BD-ED781E75853A}.Release|Any CPU.Build.0 = Release|Any CPU
		{C42CFF0B-47CE-4AAA-B3A0-3833E9E3F725}.Debug|Any CPU.ActiveCfg = Debug|Any CPU
		{C42CFF0B-47CE-4AAA-B3A0-3833E9E3F725}.Debug|Any CPU.Build.0 = Debug|Any CPU
		{C42CFF0B-47CE-4AAA-B3A0-3833E9E3F725}.Release|Any CPU.ActiveCfg = Release|Any CPU
		{C42CFF0B-47CE-4AAA-B3A0-3833E9E3F725}.Release|Any CPU.Build.0 = Release|Any CPU
		{763E2101-6E62-4F4B-8932-94652FAB56D4}.Debug|Any CPU.ActiveCfg = Debug|Any CPU
		{763E2101-6E62-4F4B-8932-94652FAB56D4}.Debug|Any CPU.Build.0 = Debug|Any CPU
		{763E2101-6E62-4F4B-8932-94652FAB56D4}.Release|Any CPU.ActiveCfg = Release|Any CPU
		{763E2101-6E62-4F4B-8932-94652FAB56D4}.Release|Any CPU.Build.0 = Release|Any CPU
		{5EEFE8B5-25E0-4B68-B121-E58729328333}.Debug|Any CPU.ActiveCfg = Debug|Any CPU
		{5EEFE8B5-25E0-4B68-B121-E58729328333}.Debug|Any CPU.Build.0 = Debug|Any CPU
		{5EEFE8B5-25E0-4B68-B121-E58729328333}.Release|Any CPU.ActiveCfg = Release|Any CPU
		{5EEFE8B5-25E0-4B68-B121-E58729328333}.Release|Any CPU.Build.0 = Release|Any CPU
		{A12260DB-5695-46C9-7180-C7097B313A52}.Debug|Any CPU.ActiveCfg = Debug|Any CPU
		{A12260DB-5695-46C9-7180-C7097B313A52}.Debug|Any CPU.Build.0 = Debug|Any CPU
		{A12260DB-5695-46C9-7180-C7097B313A52}.Release|Any CPU.ActiveCfg = Release|Any CPU
		{A12260DB-5695-46C9-7180-C7097B313A52}.Release|Any CPU.Build.0 = Release|Any CPU
		{D1C9F7F7-0D2E-41A8-9275-0D514202B8C9}.Debug|Any CPU.ActiveCfg = Debug|Any CPU
		{D1C9F7F7-0D2E-41A8-9275-0D514202B8C9}.Debug|Any CPU.Build.0 = Debug|Any CPU
		{D1C9F7F7-0D2E-41A8-9275-0D514202B8C9}.Release|Any CPU.ActiveCfg = Release|Any CPU
		{D1C9F7F7-0D2E-41A8-9275-0D514202B8C9}.Release|Any CPU.Build.0 = Release|Any CPU
	EndGlobalSection
	GlobalSection(SolutionProperties) = preSolution
		HideSolutionNode = FALSE
	EndGlobalSection
	GlobalSection(NestedProjects) = preSolution
		{59BFD2F8-06D0-4A28-83A1-8A8CA6842B37} = {02EA681E-C7D8-13C7-8484-4AC65E1B71E8}
		{E3E6B4B3-2985-4506-8681-806264287BF0} = {3D12FE73-7536-4EC0-BFE7-2DE359C2E96D}
		{C0FB332D-78AF-4230-9750-2914BE0406D1} = {53850CC8-2EA9-42DE-8997-B3E31D4A843A}
		{979A8DFF-BAE5-49D7-A6F4-335974873E31} = {53850CC8-2EA9-42DE-8997-B3E31D4A843A}
		{5364A22C-7C01-4499-903D-1A985B11B30C} = {02EA681E-C7D8-13C7-8484-4AC65E1B71E8}
		{F6BFCC9E-2239-46CE-AAF5-F7D08B4F4C1D} = {02EA681E-C7D8-13C7-8484-4AC65E1B71E8}
		{AA0A1CD5-4F70-4323-91A3-CF9FAE5DA6E9} = {3D12FE73-7536-4EC0-BFE7-2DE359C2E96D}
		{5A5DDF67-7FDD-4801-BF74-432B8DDF33F3} = {02EA681E-C7D8-13C7-8484-4AC65E1B71E8}
		{C9C07FBB-9F73-4C0E-9356-D1A4BE181072} = {02EA681E-C7D8-13C7-8484-4AC65E1B71E8}
		{820F7B17-E555-4FB4-B76A-A347A73BFC47} = {02EA681E-C7D8-13C7-8484-4AC65E1B71E8}
		{53850CC8-2EA9-42DE-8997-B3E31D4A843A} = {D76D51F8-F767-41EC-A213-4C898DA4B3C4}
		{C4FE0CC0-8F65-4DE4-8C8C-29FEE9C36B45} = {02EA681E-C7D8-13C7-8484-4AC65E1B71E8}
		{3D12FE73-7536-4EC0-BFE7-2DE359C2E96D} = {D76D51F8-F767-41EC-A213-4C898DA4B3C4}
		{86839C69-3DAD-4FB6-8951-C069C64655D9} = {3D12FE73-7536-4EC0-BFE7-2DE359C2E96D}
		{7D2BD61A-F49D-47FF-87B2-E63CCAD9C875} = {D76D51F8-F767-41EC-A213-4C898DA4B3C4}
		{9C0F2E51-0C2C-410D-B9BD-ED781E75853A} = {7D2BD61A-F49D-47FF-87B2-E63CCAD9C875}
		{C42CFF0B-47CE-4AAA-B3A0-3833E9E3F725} = {7D2BD61A-F49D-47FF-87B2-E63CCAD9C875}
		{763E2101-6E62-4F4B-8932-94652FAB56D4} = {3D12FE73-7536-4EC0-BFE7-2DE359C2E96D}
		{B4C98DE3-50E7-4DE7-9DF6-2CCB1A4F4564} = {D76D51F8-F767-41EC-A213-4C898DA4B3C4}
		{5EEFE8B5-25E0-4B68-B121-E58729328333} = {B4C98DE3-50E7-4DE7-9DF6-2CCB1A4F4564}
		{A12260DB-5695-46C9-7180-C7097B313A52} = {02EA681E-C7D8-13C7-8484-4AC65E1B71E8}
		{D1C9F7F7-0D2E-41A8-9275-0D514202B8C9} = {3D12FE73-7536-4EC0-BFE7-2DE359C2E96D}
	EndGlobalSection
	GlobalSection(ExtensibilityGlobals) = postSolution
		SolutionGuid = {28315BFD-90E7-4E14-A2EA-F3D23AF4126F}
	EndGlobalSection
EndGlobal
